
Microsoft Visual Studio Solution File, Format Version 12.00
Project("{FAE04EC0-301F-11D3-BF4B-00C04F79EFBC}") = "Maggie.Presentation", "Maggie.Presentation\Maggie.Presentation.csproj", "{B3E3493D-EBB2-4B01-983F-416BB930CEFF}"
EndProject
Project("{FAE04EC0-301F-11D3-BF4B-00C04F79EFBC}") = "Maggie.Domain", "Maggie.Domain\Maggie.Domain.csproj", "{2B834AEB-95E4-4E23-9F41-49358B4279DD}"
EndProject
Project("{FAE04EC0-301F-11D3-BF4B-00C04F79EFBC}") = "Maggie.Infrastructure", "Maggie.Infrastructure\Maggie.Infrastructure.csproj", "{1454BE36-59E8-4ACD-8DBF-C6712CE53C3E}"
EndProject
Project("{FAE04EC0-301F-11D3-BF4B-00C04F79EFBC}") = "PostgresScript", "PostgresScript\PostgresScript.csproj", "{06A01078-A9B0-4DA5-9869-8A7C5B1775FC}"
EndProject
Project("{FAE04EC0-301F-11D3-BF4B-00C04F79EFBC}") = "App", "App\App.csproj", "{C3C1BA89-4E29-45B8-AA77-22BCF5C1A76D}"
EndProject
Global
	GlobalSection(SolutionConfigurationPlatforms) = preSolution
		Debug|Any CPU = Debug|Any CPU
		Release|Any CPU = Release|Any CPU
	EndGlobalSection
	GlobalSection(ProjectConfigurationPlatforms) = postSolution
		{B3E3493D-EBB2-4B01-983F-416BB930CEFF}.Debug|Any CPU.ActiveCfg = Debug|Any CPU
		{B3E3493D-EBB2-4B01-983F-416BB930CEFF}.Debug|Any CPU.Build.0 = Debug|Any CPU
		{B3E3493D-EBB2-4B01-983F-416BB930CEFF}.Release|Any CPU.ActiveCfg = Release|Any CPU
		{B3E3493D-EBB2-4B01-983F-416BB930CEFF}.Release|Any CPU.Build.0 = Release|Any CPU
		{2B834AEB-95E4-4E23-9F41-49358B4279DD}.Debug|Any CPU.ActiveCfg = Debug|Any CPU
		{2B834AEB-95E4-4E23-9F41-49358B4279DD}.Debug|Any CPU.Build.0 = Debug|Any CPU
		{2B834AEB-95E4-4E23-9F41-49358B4279DD}.Release|Any CPU.ActiveCfg = Release|Any CPU
		{2B834AEB-95E4-4E23-9F41-49358B4279DD}.Release|Any CPU.Build.0 = Release|Any CPU
		{1454BE36-59E8-4ACD-8DBF-C6712CE53C3E}.Debug|Any CPU.ActiveCfg = Debug|Any CPU
		{1454BE36-59E8-4ACD-8DBF-C6712CE53C3E}.Debug|Any CPU.Build.0 = Debug|Any CPU
		{1454BE36-59E8-4ACD-8DBF-C6712CE53C3E}.Release|Any CPU.ActiveCfg = Release|Any CPU
		{1454BE36-59E8-4ACD-8DBF-C6712CE53C3E}.Release|Any CPU.Build.0 = Release|Any CPU
		{06A01078-A9B0-4DA5-9869-8A7C5B1775FC}.Debug|Any CPU.ActiveCfg = Debug|Any CPU
		{06A01078-A9B0-4DA5-9869-8A7C5B1775FC}.Debug|Any CPU.Build.0 = Debug|Any CPU
		{06A01078-A9B0-4DA5-9869-8A7C5B1775FC}.Release|Any CPU.ActiveCfg = Release|Any CPU
		{06A01078-A9B0-4DA5-9869-8A7C5B1775FC}.Release|Any CPU.Build.0 = Release|Any CPU
		{C3C1BA89-4E29-45B8-AA77-22BCF5C1A76D}.Debug|Any CPU.ActiveCfg = Debug|Any CPU
		{C3C1BA89-4E29-45B8-AA77-22BCF5C1A76D}.Debug|Any CPU.Build.0 = Debug|Any CPU
		{C3C1BA89-4E29-45B8-AA77-22BCF5C1A76D}.Release|Any CPU.ActiveCfg = Release|Any CPU
		{C3C1BA89-4E29-45B8-AA77-22BCF5C1A76D}.Release|Any CPU.Build.0 = Release|Any CPU
	EndGlobalSection
EndGlobal
